
Microsoft Visual Studio Solution File, Format Version 12.00
# Visual Studio Version 17
VisualStudioVersion = 17.0.31903.59
MinimumVisualStudioVersion = 10.0.40219.1
Project("{9A19103F-16F7-4668-BE54-9A1E7A4F7556}") = "Optimization", "Optimization1D\Optimization.csproj", "{BF2F21C4-414D-4850-8F89-0AC1A2942AB0}"
EndProject
Project("{FAE04EC0-301F-11D3-BF4B-00C04F79EFBC}") = "Tests", "Tests\Tests.csproj", "{4D7C2C70-22C2-44F6-8266-40390ADF8DF1}"
EndProject
Project("{FAE04EC0-301F-11D3-BF4B-00C04F79EFBC}") = "Demo", "Demo\Demo.csproj", "{2EBB5D2F-68DB-4DF3-9207-3905B3A128F2}"
EndProject
Global
	GlobalSection(SolutionConfigurationPlatforms) = preSolution
		Debug|Any CPU = Debug|Any CPU
		Release|Any CPU = Release|Any CPU
	EndGlobalSection
	GlobalSection(ProjectConfigurationPlatforms) = postSolution
		{BF2F21C4-414D-4850-8F89-0AC1A2942AB0}.Debug|Any CPU.ActiveCfg = Debug|Any CPU
		{BF2F21C4-414D-4850-8F89-0AC1A2942AB0}.Debug|Any CPU.Build.0 = Debug|Any CPU
		{BF2F21C4-414D-4850-8F89-0AC1A2942AB0}.Release|Any CPU.ActiveCfg = Release|Any CPU
		{BF2F21C4-414D-4850-8F89-0AC1A2942AB0}.Release|Any CPU.Build.0 = Release|Any CPU
		{4D7C2C70-22C2-44F6-8266-40390ADF8DF1}.Debug|Any CPU.ActiveCfg = Debug|Any CPU
		{4D7C2C70-22C2-44F6-8266-40390ADF8DF1}.Debug|Any CPU.Build.0 = Debug|Any CPU
		{4D7C2C70-22C2-44F6-8266-40390ADF8DF1}.Release|Any CPU.ActiveCfg = Release|Any CPU
		{4D7C2C70-22C2-44F6-8266-40390ADF8DF1}.Release|Any CPU.Build.0 = Release|Any CPU
		{2EBB5D2F-68DB-4DF3-9207-3905B3A128F2}.Debug|Any CPU.ActiveCfg = Debug|Any CPU
		{2EBB5D2F-68DB-4DF3-9207-3905B3A128F2}.Debug|Any CPU.Build.0 = Debug|Any CPU
		{2EBB5D2F-68DB-4DF3-9207-3905B3A128F2}.Release|Any CPU.ActiveCfg = Release|Any CPU
		{2EBB5D2F-68DB-4DF3-9207-3905B3A128F2}.Release|Any CPU.Build.0 = Release|Any CPU
	EndGlobalSection
	GlobalSection(SolutionProperties) = preSolution
		HideSolutionNode = FALSE
	EndGlobalSection
	GlobalSection(ExtensibilityGlobals) = postSolution
		SolutionGuid = {8A4A170C-2CC1-4E19-B2D9-5C73475C820E}
	EndGlobalSection
EndGlobal
